
Microsoft Visual Studio Solution File, Format Version 12.00
# Visual Studio Version 17
VisualStudioVersion = 17.0.31903.59
MinimumVisualStudioVersion = 10.0.40219.1
Project("{2150E333-8FDC-42A3-9474-1A3956D46DE8}") = "src", "src", "{827E0CD3-B72D-47B6-A68D-7590B98EB39B}"
EndProject
Project("{FAE04EC0-301F-11D3-BF4B-00C04F79EFBC}") = "Radar.Domain", "src\Radar.Domain\Radar.Domain.csproj", "{F41DB363-2D48-4996-BAAD-AD7AEFB6FCD2}"
EndProject
Project("{FAE04EC0-301F-11D3-BF4B-00C04F79EFBC}") = "Radar.Application", "src\Radar.Application\Radar.Application.csproj", "{7DCF7C1B-E7D1-43ED-9C71-4E5C6DA0D7FB}"
EndProject
Project("{FAE04EC0-301F-11D3-BF4B-00C04F79EFBC}") = "Radar.Infrastructure", "src\Radar.Infrastructure\Radar.Infrastructure.csproj", "{897D7DD2-C805-400F-A04F-66CDB4AC417C}"
EndProject
Project("{FAE04EC0-301F-11D3-BF4B-00C04F79EFBC}") = "Radar.Worker", "src\Radar.Worker\Radar.Worker.csproj", "{CA798661-1F2C-4647-A59D-52B6324DCE03}"
EndProject
Project("{2150E333-8FDC-42A3-9474-1A3956D46DE8}") = "tests", "tests", "{0AB3BF05-4346-4AA6-1389-037BE0695223}"
EndProject
Project("{FAE04EC0-301F-11D3-BF4B-00C04F79EFBC}") = "Radar.Domain.Tests", "tests\Radar.Domain.Tests\Radar.Domain.Tests.csproj", "{F98D5873-583D-40BB-856F-8FEFD250CBDC}"
EndProject
Project("{FAE04EC0-301F-11D3-BF4B-00C04F79EFBC}") = "Radar.Application.Tests", "tests\Radar.Application.Tests\Radar.Application.Tests.csproj", "{9D603AB2-9A1D-4672-A3A8-73C75DC5FB67}"
EndProject
Project("{FAE04EC0-301F-11D3-BF4B-00C04F79EFBC}") = "Radar.Infrastructure.Tests", "tests\Radar.Infrastructure.Tests\Radar.Infrastructure.Tests.csproj", "{1E405177-18E6-411B-BC11-F4F034B40E1A}"
EndProject
Global
	GlobalSection(SolutionConfigurationPlatforms) = preSolution
		Debug|Any CPU = Debug|Any CPU
		Debug|x64 = Debug|x64
		Debug|x86 = Debug|x86
		Release|Any CPU = Release|Any CPU
		Release|x64 = Release|x64
		Release|x86 = Release|x86
	EndGlobalSection
	GlobalSection(ProjectConfigurationPlatforms) = postSolution
		{F41DB363-2D48-4996-BAAD-AD7AEFB6FCD2}.Debug|Any CPU.ActiveCfg = Debug|Any CPU
		{F41DB363-2D48-4996-BAAD-AD7AEFB6FCD2}.Debug|Any CPU.Build.0 = Debug|Any CPU
		{F41DB363-2D48-4996-BAAD-AD7AEFB6FCD2}.Debug|x64.ActiveCfg = Debug|Any CPU
		{F41DB363-2D48-4996-BAAD-AD7AEFB6FCD2}.Debug|x64.Build.0 = Debug|Any CPU
		{F41DB363-2D48-4996-BAAD-AD7AEFB6FCD2}.Debug|x86.ActiveCfg = Debug|Any CPU
		{F41DB363-2D48-4996-BAAD-AD7AEFB6FCD2}.Debug|x86.Build.0 = Debug|Any CPU
		{F41DB363-2D48-4996-BAAD-AD7AEFB6FCD2}.Release|Any CPU.ActiveCfg = Release|Any CPU
		{F41DB363-2D48-4996-BAAD-AD7AEFB6FCD2}.Release|Any CPU.Build.0 = Release|Any CPU
		{F41DB363-2D48-4996-BAAD-AD7AEFB6FCD2}.Release|x64.ActiveCfg = Release|Any CPU
		{F41DB363-2D48-4996-BAAD-AD7AEFB6FCD2}.Release|x64.Build.0 = Release|Any CPU
		{F41DB363-2D48-4996-BAAD-AD7AEFB6FCD2}.Release|x86.ActiveCfg = Release|Any CPU
		{F41DB363-2D48-4996-BAAD-AD7AEFB6FCD2}.Release|x86.Build.0 = Release|Any CPU
		{7DCF7C1B-E7D1-43ED-9C71-4E5C6DA0D7FB}.Debug|Any CPU.ActiveCfg = Debug|Any CPU
		{7DCF7C1B-E7D1-43ED-9C71-4E5C6DA0D7FB}.Debug|Any CPU.Build.0 = Debug|Any CPU
		{7DCF7C1B-E7D1-43ED-9C71-4E5C6DA0D7FB}.Debug|x64.ActiveCfg = Debug|Any CPU
		{7DCF7C1B-E7D1-43ED-9C71-4E5C6DA0D7FB}.Debug|x64.Build.0 = Debug|Any CPU
		{7DCF7C1B-E7D1-43ED-9C71-4E5C6DA0D7FB}.Debug|x86.ActiveCfg = Debug|Any CPU
		{7DCF7C1B-E7D1-43ED-9C71-4E5C6DA0D7FB}.Debug|x86.Build.0 = Debug|Any CPU
		{7DCF7C1B-E7D1-43ED-9C71-4E5C6DA0D7FB}.Release|Any CPU.ActiveCfg = Release|Any CPU
		{7DCF7C1B-E7D1-43ED-9C71-4E5C6DA0D7FB}.Release|Any CPU.Build.0 = Release|Any CPU
		{7DCF7C1B-E7D1-43ED-9C71-4E5C6DA0D7FB}.Release|x64.ActiveCfg = Release|Any CPU
		{7DCF7C1B-E7D1-43ED-9C71-4E5C6DA0D7FB}.Release|x64.Build.0 = Release|Any CPU
		{7DCF7C1B-E7D1-43ED-9C71-4E5C6DA0D7FB}.Release|x86.ActiveCfg = Release|Any CPU
		{7DCF7C1B-E7D1-43ED-9C71-4E5C6DA0D7FB}.Release|x86.Build.0 = Release|Any CPU
		{897D7DD2-C805-400F-A04F-66CDB4AC417C}.Debug|Any CPU.ActiveCfg = Debug|Any CPU
		{897D7DD2-C805-400F-A04F-66CDB4AC417C}.Debug|Any CPU.Build.0 = Debug|Any CPU
		{897D7DD2-C805-400F-A04F-66CDB4AC417C}.Debug|x64.ActiveCfg = Debug|Any CPU
		{897D7DD2-C805-400F-A04F-66CDB4AC417C}.Debug|x64.Build.0 = Debug|Any CPU
		{897D7DD2-C805-400F-A04F-66CDB4AC417C}.Debug|x86.ActiveCfg = Debug|Any CPU
		{897D7DD2-C805-400F-A04F-66CDB4AC417C}.Debug|x86.Build.0 = Debug|Any CPU
		{897D7DD2-C805-400F-A04F-66CDB4AC417C}.Release|Any CPU.ActiveCfg = Release|Any CPU
		{897D7DD2-C805-400F-A04F-66CDB4AC417C}.Release|Any CPU.Build.0 = Release|Any CPU
		{897D7DD2-C805-400F-A04F-66CDB4AC417C}.Release|x64.ActiveCfg = Release|Any CPU
		{897D7DD2-C805-400F-A04F-66CDB4AC417C}.Release|x64.Build.0 = Release|Any CPU
		{897D7DD2-C805-400F-A04F-66CDB4AC417C}.Release|x86.ActiveCfg = Release|Any CPU
		{897D7DD2-C805-400F-A04F-66CDB4AC417C}.Release|x86.Build.0 = Release|Any CPU
		{CA798661-1F2C-4647-A59D-52B6324DCE03}.Debug|Any CPU.ActiveCfg = Debug|Any CPU
		{CA798661-1F2C-4647-A59D-52B6324DCE03}.Debug|Any CPU.Build.0 = Debug|Any CPU
		{CA798661-1F2C-4647-A59D-52B6324DCE03}.Debug|x64.ActiveCfg = Debug|Any CPU
		{CA798661-1F2C-4647-A59D-52B6324DCE03}.Debug|x64.Build.0 = Debug|Any CPU
		{CA798661-1F2C-4647-A59D-52B6324DCE03}.Debug|x86.ActiveCfg = Debug|Any CPU
		{CA798661-1F2C-4647-A59D-52B6324DCE03}.Debug|x86.Build.0 = Debug|Any CPU
		{CA798661-1F2C-4647-A59D-52B6324DCE03}.Release|Any CPU.ActiveCfg = Release|Any CPU
		{CA798661-1F2C-4647-A59D-52B6324DCE03}.Release|Any CPU.Build.0 = Release|Any CPU
		{CA798661-1F2C-4647-A59D-52B6324DCE03}.Release|x64.ActiveCfg = Release|Any CPU
		{CA798661-1F2C-4647-A59D-52B6324DCE03}.Release|x64.Build.0 = Release|Any CPU
		{CA798661-1F2C-4647-A59D-52B6324DCE03}.Release|x86.ActiveCfg = Release|Any CPU
		{CA798661-1F2C-4647-A59D-52B6324DCE03}.Release|x86.Build.0 = Release|Any CPU
		{F98D5873-583D-40BB-856F-8FEFD250CBDC}.Debug|Any CPU.ActiveCfg = Debug|Any CPU
		{F98D5873-583D-40BB-856F-8FEFD250CBDC}.Debug|Any CPU.Build.0 = Debug|Any CPU
		{F98D5873-583D-40BB-856F-8FEFD250CBDC}.Debug|x64.ActiveCfg = Debug|Any CPU
		{F98D5873-583D-40BB-856F-8FEFD250CBDC}.Debug|x64.Build.0 = Debug|Any CPU
		{F98D5873-583D-40BB-856F-8FEFD250CBDC}.Debug|x86.ActiveCfg = Debug|Any CPU
		{F98D5873-583D-40BB-856F-8FEFD250CBDC}.Debug|x86.Build.0 = Debug|Any CPU
		{F98D5873-583D-40BB-856F-8FEFD250CBDC}.Release|Any CPU.ActiveCfg = Release|Any CPU
		{F98D5873-583D-40BB-856F-8FEFD250CBDC}.Release|Any CPU.Build.0 = Release|Any CPU
		{F98D5873-583D-40BB-856F-8FEFD250CBDC}.Release|x64.ActiveCfg = Release|Any CPU
		{F98D5873-583D-40BB-856F-8FEFD250CBDC}.Release|x64.Build.0 = Release|Any CPU
		{F98D5873-583D-40BB-856F-8FEFD250CBDC}.Release|x86.ActiveCfg = Release|Any CPU
		{F98D5873-583D-40BB-856F-8FEFD250CBDC}.Release|x86.Build.0 = Release|Any CPU
		{9D603AB2-9A1D-4672-A3A8-73C75DC5FB67}.Debug|Any CPU.ActiveCfg = Debug|Any CPU
		{9D603AB2-9A1D-4672-A3A8-73C75DC5FB67}.Debug|Any CPU.Build.0 = Debug|Any CPU
		{9D603AB2-9A1D-4672-A3A8-73C75DC5FB67}.Debug|x64.ActiveCfg = Debug|Any CPU
		{9D603AB2-9A1D-4672-A3A8-73C75DC5FB67}.Debug|x64.Build.0 = Debug|Any CPU
		{9D603AB2-9A1D-4672-A3A8-73C75DC5FB67}.Debug|x86.ActiveCfg = Debug|Any CPU
		{9D603AB2-9A1D-4672-A3A8-73C75DC5FB67}.Debug|x86.Build.0 = Debug|Any CPU
		{9D603AB2-9A1D-4672-A3A8-73C75DC5FB67}.Release|Any CPU.ActiveCfg = Release|Any CPU
		{9D603AB2-9A1D-4672-A3A8-73C75DC5FB67}.Release|Any CPU.Build.0 = Release|Any CPU
		{9D603AB2-9A1D-4672-A3A8-73C75DC5FB67}.Release|x64.ActiveCfg = Release|Any CPU
		{9D603AB2-9A1D-4672-A3A8-73C75DC5FB67}.Release|x64.Build.0 = Release|Any CPU
		{9D603AB2-9A1D-4672-A3A8-73C75DC5FB67}.Release|x86.ActiveCfg = Release|Any CPU
		{9D603AB2-9A1D-4672-A3A8-73C75DC5FB67}.Release|x86.Build.0 = Release|Any CPU
		{1E405177-18E6-411B-BC11-F4F034B40E1A}.Debug|Any CPU.ActiveCfg = Debug|Any CPU
		{1E405177-18E6-411B-BC11-F4F034B40E1A}.Debug|Any CPU.Build.0 = Debug|Any CPU
		{1E405177-18E6-411B-BC11-F4F034B40E1A}.Debug|x64.ActiveCfg = Debug|Any CPU
		{1E405177-18E6-411B-BC11-F4F034B40E1A}.Debug|x64.Build.0 = Debug|Any CPU
		{1E405177-18E6-411B-BC11-F4F034B40E1A}.Debug|x86.ActiveCfg = Debug|Any CPU
		{1E405177-18E6-411B-BC11-F4F034B40E1A}.Debug|x86.Build.0 = Debug|Any CPU
		{1E405177-18E6-411B-BC11-F4F034B40E1A}.Release|Any CPU.ActiveCfg = Release|Any CPU
		{1E405177-18E6-411B-BC11-F4F034B40E1A}.Release|Any CPU.Build.0 = Release|Any CPU
		{1E405177-18E6-411B-BC11-F4F034B40E1A}.Release|x64.ActiveCfg = Release|Any CPU
		{1E405177-18E6-411B-BC11-F4F034B40E1A}.Release|x64.Build.0 = Release|Any CPU
		{1E405177-18E6-411B-BC11-F4F034B40E1A}.Release|x86.ActiveCfg = Release|Any CPU
		{1E405177-18E6-411B-BC11-F4F034B40E1A}.Release|x86.Build.0 = Release|Any CPU
	EndGlobalSection
	GlobalSection(SolutionProperties) = preSolution
		HideSolutionNode = FALSE
	EndGlobalSection
	GlobalSection(NestedProjects) = preSolution
		{F41DB363-2D48-4996-BAAD-AD7AEFB6FCD2} = {827E0CD3-B72D-47B6-A68D-7590B98EB39B}
		{7DCF7C1B-E7D1-43ED-9C71-4E5C6DA0D7FB} = {827E0CD3-B72D-47B6-A68D-7590B98EB39B}
		{897D7DD2-C805-400F-A04F-66CDB4AC417C} = {827E0CD3-B72D-47B6-A68D-7590B98EB39B}
		{CA798661-1F2C-4647-A59D-52B6324DCE03} = {827E0CD3-B72D-47B6-A68D-7590B98EB39B}
		{F98D5873-583D-40BB-856F-8FEFD250CBDC} = {0AB3BF05-4346-4AA6-1389-037BE0695223}
		{9D603AB2-9A1D-4672-A3A8-73C75DC5FB67} = {0AB3BF05-4346-4AA6-1389-037BE0695223}
		{1E405177-18E6-411B-BC11-F4F034B40E1A} = {0AB3BF05-4346-4AA6-1389-037BE0695223}
	EndGlobalSection
EndGlobal
